{
  "pins" : [
    {
      "identity" : "isemojiview",
      "kind" : "remoteSourceControl",
      "location" : "https://github.com/pxlshpr/ISEmojiView",
      "state" : {
        "revision" : "fd8f2917afc039c6caff4e389b1f24bb051adfd6",
        "version" : "0.3.2"
      }
    },
    {
      "identity" : "swifthaptics",
      "kind" : "remoteSourceControl",
      "location" : "https://github.com/pxlshpr/SwiftHaptics",
      "state" : {
        "revision" : "6300a8681b551f3df1023266116ca9700dbd14f9",
        "version" : "0.1.0"
      }
    },
    {
      "identity" : "swiftsugar",
      "kind" : "remoteSourceControl",
      "location" : "https://github.com/pxlshpr/SwiftSugar",
      "state" : {
        "revision" : "b7add1ec5deea79b13c735576c3b0c92839dc5a6",
        "version" : "0.0.54"
      }
    },
    {
      "identity" : "swiftuisugar",
      "kind" : "remoteSourceControl",
      "location" : "https://github.com/pxlshpr/SwiftUISugar",
      "state" : {
        "revision" : "d867644bc82abe20ec886747e9e3e1c6f333e04a",
        "version" : "0.0.166"
      }
    }
  ],
  "version" : 2
}
